{
  "name": "tsparticles-ts4.4",
  "version": "1.0.0",
  "lockfileVersion": 2,
  "requires": true,
  "packages": {
    "": {
      "name": "tsparticles-ts4.4",
      "version": "1.0.0",
      "license": "ISC",
      "devDependencies": {
        "tsparticles-preset-confetti": "1.19.1",
        "typescript": "4.4.3"
      }
    },
    "node_modules/pathseg": {
      "version": "1.2.1",
      "resolved": "https://registry.npmjs.org/pathseg/-/pathseg-1.2.1.tgz",
      "integrity": "sha512-LtvemzPvcGamWBbNWJaIrgfUzpynXfwYrP6SSFVRhNHVcCaq6SVm4kRGJNuIV8qzBKgCN3fEXFZZ16YETFIXoA==",
      "dev": true,
      "optional": true
    },
    "node_modules/tsparticles": {
      "version": "1.34.1",
      "resolved": "https://registry.npmjs.org/tsparticles/-/tsparticles-1.34.1.tgz",
      "integrity": "sha512-SsmgNOBGOrPa7kcEGJV8CRAuCqsBStQyKRwYR5RJS/7T+gnl3e+Nl+euufjAMQAA4Ww9mNaedpmtRFf98ox7GQ==",
      "dev": true,
      "hasInstallScript": true,
      "funding": {
        "type": "github",
        "url": "https://github.com/sponsors/matteobruni"
      },
      "optionalDependencies": {
        "pathseg": "^1.2.1"
      }
    },
    "node_modules/tsparticles-preset-confetti": {
      "version": "1.19.1",
      "resolved": "https://registry.npmjs.org/tsparticles-preset-confetti/-/tsparticles-preset-confetti-1.19.1.tgz",
      "integrity": "sha512-ohfz0cX6g9UOw/TGmg889AQ+KK7s/NzPNlglnS35qfjeheqCccpHUJH1KjJZiN1DKUDCoxlk3NlTfXFnXbJj3A==",
      "dev": true,
      "dependencies": {
        "tsparticles": "^1.34.1"
      }
    },
    "node_modules/typescript": {
      "version": "4.4.3",
      "resolved": "https://registry.npmjs.org/typescript/-/typescript-4.4.3.tgz",
      "integrity": "sha512-4xfscpisVgqqDfPaJo5vkd+Qd/ItkoagnHpufr+i2QCHBsNYp+G7UAoyFl8aPtx879u38wPV65rZ8qbGZijalA==",
      "dev": true,
      "bin": {
        "tsc": "bin/tsc",
        "tsserver": "bin/tsserver"
      },
      "engines": {
        "node": ">=4.2.0"
      }
    }
  },
  "dependencies": {
    "pathseg": {
      "version": "1.2.1",
      "resolved": "https://registry.npmjs.org/pathseg/-/pathseg-1.2.1.tgz",
      "integrity": "sha512-LtvemzPvcGamWBbNWJaIrgfUzpynXfwYrP6SSFVRhNHVcCaq6SVm4kRGJNuIV8qzBKgCN3fEXFZZ16YETFIXoA==",
      "dev": true,
      "optional": true
    },
    "tsparticles": {
      "version": "1.34.1",
      "resolved": "https://registry.npmjs.org/tsparticles/-/tsparticles-1.34.1.tgz",
      "integrity": "sha512-SsmgNOBGOrPa7kcEGJV8CRAuCqsBStQyKRwYR5RJS/7T+gnl3e+Nl+euufjAMQAA4Ww9mNaedpmtRFf98ox7GQ==",
      "dev": true,
      "requires": {
        "pathseg": "^1.2.1"
      }
    },
    "tsparticles-preset-confetti": {
      "version": "1.19.1",
      "resolved": "https://registry.npmjs.org/tsparticles-preset-confetti/-/tsparticles-preset-confetti-1.19.1.tgz",
      "integrity": "sha512-ohfz0cX6g9UOw/TGmg889AQ+KK7s/NzPNlglnS35qfjeheqCccpHUJH1KjJZiN1DKUDCoxlk3NlTfXFnXbJj3A==",
      "dev": true,
      "requires": {
        "tsparticles": "^1.34.1"
      }
    },
    "typescript": {
      "version": "4.4.3",
      "resolved": "https://registry.npmjs.org/typescript/-/typescript-4.4.3.tgz",
      "integrity": "sha512-4xfscpisVgqqDfPaJo5vkd+Qd/ItkoagnHpufr+i2QCHBsNYp+G7UAoyFl8aPtx879u38wPV65rZ8qbGZijalA==",
      "dev": true
    }
  }
}
